Microsoft Visual Studio Solution File, Format Version 12.00
# Visual Studio Version 17
VisualStudioVersion = 17.0.31903.59
MinimumVisualStudioVersion = 10.0.40219.1
Project("{FAE04EC0-301F-11D3-BF4B-00C04F79EFBC}") = "L0N.Launcher", "L0N.Launcher\L0N.Launcher.csproj", "{AB6E89C9-0DB7-48C1-B4AA-2B10D9F1B50D}"
EndProject
Project("{FAE04EC0-301F-11D3-BF4B-00C04F79EFBC}") = "L0N.Core", "L0N.Core\L0N.Core.csproj", "{20DD3700-A734-42C2-AD84-118C810BDFDA}"
EndProject
Project("{FAE04EC0-301F-11D3-BF4B-00C04F79EFBC}") = "L0N.Core.SmokeTests", "tests\L0N.Core.SmokeTests\L0N.Core.SmokeTests.csproj", "{02E67E83-C51A-45FF-9667-BD2819333B59}"
EndProject
Global
	GlobalSection(SolutionConfigurationPlatforms) = preSolution
		Debug|Any CPU = Debug|Any CPU
		Release|Any CPU = Release|Any CPU
	EndGlobalSection
	GlobalSection(ProjectConfigurationPlatforms) = postSolution
		{AB6E89C9-0DB7-48C1-B4AA-2B10D9F1B50D}.Debug|Any CPU.ActiveCfg = Debug|Any CPU
		{AB6E89C9-0DB7-48C1-B4AA-2B10D9F1B50D}.Debug|Any CPU.Build.0 = Debug|Any CPU
		{AB6E89C9-0DB7-48C1-B4AA-2B10D9F1B50D}.Release|Any CPU.ActiveCfg = Release|Any CPU
		{AB6E89C9-0DB7-48C1-B4AA-2B10D9F1B50D}.Release|Any CPU.Build.0 = Release|Any CPU
		{20DD3700-A734-42C2-AD84-118C810BDFDA}.Debug|Any CPU.ActiveCfg = Debug|Any CPU
		{20DD3700-A734-42C2-AD84-118C810BDFDA}.Debug|Any CPU.Build.0 = Debug|Any CPU
		{20DD3700-A734-42C2-AD84-118C810BDFDA}.Release|Any CPU.ActiveCfg = Release|Any CPU
		{20DD3700-A734-42C2-AD84-118C810BDFDA}.Release|Any CPU.Build.0 = Release|Any CPU
		{02E67E83-C51A-45FF-9667-BD2819333B59}.Debug|Any CPU.ActiveCfg = Debug|Any CPU
		{02E67E83-C51A-45FF-9667-BD2819333B59}.Debug|Any CPU.Build.0 = Debug|Any CPU
		{02E67E83-C51A-45FF-9667-BD2819333B59}.Release|Any CPU.ActiveCfg = Release|Any CPU
		{02E67E83-C51A-45FF-9667-BD2819333B59}.Release|Any CPU.Build.0 = Release|Any CPU
	EndGlobalSection
EndGlobal
